
Microsoft Visual Studio Solution File, Format Version 12.00
# Visual Studio Version 16
VisualStudioVersion = 16.0.33529.622
MinimumVisualStudioVersion = 10.0.40219.1
Project("{FAE04EC0-301F-11D3-BF4B-00C04F79EFBC}") = "asp.net signup", "asp.net signup.csproj", "{F897D12F-726C-4BBA-83EB-B118F766450D}"
EndProject
Global
	GlobalSection(SolutionConfigurationPlatforms) = preSolution
		Debug|Any CPU = Debug|Any CPU
		Release|Any CPU = Release|Any CPU
	EndGlobalSection
	GlobalSection(ProjectConfigurationPlatforms) = postSolution
		{F897D12F-726C-4BBA-83EB-B118F766450D}.Debug|Any CPU.ActiveCfg = Debug|Any CPU
		{F897D12F-726C-4BBA-83EB-B118F766450D}.Debug|Any CPU.Build.0 = Debug|Any CPU
		{F897D12F-726C-4BBA-83EB-B118F766450D}.Release|Any CPU.ActiveCfg = Release|Any CPU
		{F897D12F-726C-4BBA-83EB-B118F766450D}.Release|Any CPU.Build.0 = Release|Any CPU
	EndGlobalSection
	GlobalSection(SolutionProperties) = preSolution
		HideSolutionNode = FALSE
	EndGlobalSection
	GlobalSection(ExtensibilityGlobals) = postSolution
		SolutionGuid = {3AFDAA8E-4F1D-426B-80B6-DC0BD01EF1F9}
	EndGlobalSection
EndGlobal
